
Microsoft Visual Studio Solution File, Format Version 12.00
# Visual Studio Version 16
VisualStudioVersion = 16.0.31005.135
MinimumVisualStudioVersion = 10.0.40219.1
Project("{FAE04EC0-301F-11D3-BF4B-00C04F79EFBC}") = "ConsoleApp1", "ConsoleApp1.csproj", "{B893FC24-6598-466D-8447-AE6DCBC23F27}"
EndProject
Global
	GlobalSection(SolutionConfigurationPlatforms) = preSolution
		Debug|Any CPU = Debug|Any CPU
		Release|Any CPU = Release|Any CPU
	EndGlobalSection
	GlobalSection(ProjectConfigurationPlatforms) = postSolution
		{B893FC24-6598-466D-8447-AE6DCBC23F27}.Debug|Any CPU.ActiveCfg = Debug|Any CPU
		{B893FC24-6598-466D-8447-AE6DCBC23F27}.Debug|Any CPU.Build.0 = Debug|Any CPU
		{B893FC24-6598-466D-8447-AE6DCBC23F27}.Release|Any CPU.ActiveCfg = Release|Any CPU
		{B893FC24-6598-466D-8447-AE6DCBC23F27}.Release|Any CPU.Build.0 = Release|Any CPU
	EndGlobalSection
	GlobalSection(SolutionProperties) = preSolution
		HideSolutionNode = FALSE
	EndGlobalSection
	GlobalSection(ExtensibilityGlobals) = postSolution
		SolutionGuid = {E8AD8EA6-677B-4DFE-AE15-0F66AE926019}
	EndGlobalSection
EndGlobal
